{
  "name": "management-1.1",
  "version": "1.0.0",
  "lockfileVersion": 1,
  "requires": true,
  "dependencies": {
    "weui-miniprogram": {
      "version": "0.1.6",
      "resolved": "https://registry.npmjs.org/weui-miniprogram/-/weui-miniprogram-0.1.6.tgz",
      "integrity": "sha512-O3eNRZ744yHcSmFABlmX2PzfS54RwCk5JotfpEDkwa8aSnSx2ySd7BQWJwAO3+N0StMK0luRXIfkIO5N4n4LEQ=="
    }
  }
}
